
Microsoft Visual Studio Solution File, Format Version 12.00
# Visual Studio Version 17
VisualStudioVersion = 17.9.34607.119
MinimumVisualStudioVersion = 10.0.40219.1
Project("{9A19103F-16F7-4668-BE54-9A1E7A4F7556}") = "Shuryan.Core", "Shuryan.Core\Shuryan.Core.csproj", "{57ACEB67-4730-4BD8-9265-D83E58F78689}"
EndProject
Project("{9A19103F-16F7-4668-BE54-9A1E7A4F7556}") = "Shuryan.Application", "Shuryan.Application\Shuryan.Application.csproj", "{AF1A169E-B978-4945-984C-A5E5A791CE5D}"
EndProject
Project("{9A19103F-16F7-4668-BE54-9A1E7A4F7556}") = "Shuryan.Infrastructure", "Shuryan.Infrastructure\Shuryan.Infrastructure.csproj", "{E38CB2F2-1AB3-45AF-B55D-3B9D9A7ACBA9}"
EndProject
Project("{9A19103F-16F7-4668-BE54-9A1E7A4F7556}") = "Shuryan.Shared", "Shuryan.Shared\Shuryan.Shared.csproj", "{37D3D678-D5BF-4A7E-8560-93464C3AD420}"
EndProject
Project("{9A19103F-16F7-4668-BE54-9A1E7A4F7556}") = "Shuryan.API", "Shuryan.API\Shuryan.API.csproj", "{45CD9B0E-BA65-48BF-B079-BE5FF9CD813F}"
EndProject
Global
	GlobalSection(SolutionConfigurationPlatforms) = preSolution
		Debug|Any CPU = Debug|Any CPU
		Release|Any CPU = Release|Any CPU
	EndGlobalSection
	GlobalSection(ProjectConfigurationPlatforms) = postSolution
		{57ACEB67-4730-4BD8-9265-D83E58F78689}.Debug|Any CPU.ActiveCfg = Debug|Any CPU
		{57ACEB67-4730-4BD8-9265-D83E58F78689}.Debug|Any CPU.Build.0 = Debug|Any CPU
		{57ACEB67-4730-4BD8-9265-D83E58F78689}.Release|Any CPU.ActiveCfg = Release|Any CPU
		{57ACEB67-4730-4BD8-9265-D83E58F78689}.Release|Any CPU.Build.0 = Release|Any CPU
		{AF1A169E-B978-4945-984C-A5E5A791CE5D}.Debug|Any CPU.ActiveCfg = Debug|Any CPU
		{AF1A169E-B978-4945-984C-A5E5A791CE5D}.Debug|Any CPU.Build.0 = Debug|Any CPU
		{AF1A169E-B978-4945-984C-A5E5A791CE5D}.Release|Any CPU.ActiveCfg = Release|Any CPU
		{AF1A169E-B978-4945-984C-A5E5A791CE5D}.Release|Any CPU.Build.0 = Release|Any CPU
		{E38CB2F2-1AB3-45AF-B55D-3B9D9A7ACBA9}.Debug|Any CPU.ActiveCfg = Debug|Any CPU
		{E38CB2F2-1AB3-45AF-B55D-3B9D9A7ACBA9}.Debug|Any CPU.Build.0 = Debug|Any CPU
		{E38CB2F2-1AB3-45AF-B55D-3B9D9A7ACBA9}.Release|Any CPU.ActiveCfg = Release|Any CPU
		{E38CB2F2-1AB3-45AF-B55D-3B9D9A7ACBA9}.Release|Any CPU.Build.0 = Release|Any CPU
		{37D3D678-D5BF-4A7E-8560-93464C3AD420}.Debug|Any CPU.ActiveCfg = Debug|Any CPU
		{37D3D678-D5BF-4A7E-8560-93464C3AD420}.Debug|Any CPU.Build.0 = Debug|Any CPU
		{37D3D678-D5BF-4A7E-8560-93464C3AD420}.Release|Any CPU.ActiveCfg = Release|Any CPU
		{37D3D678-D5BF-4A7E-8560-93464C3AD420}.Release|Any CPU.Build.0 = Release|Any CPU
		{45CD9B0E-BA65-48BF-B079-BE5FF9CD813F}.Debug|Any CPU.ActiveCfg = Debug|Any CPU
		{45CD9B0E-BA65-48BF-B079-BE5FF9CD813F}.Debug|Any CPU.Build.0 = Debug|Any CPU
		{45CD9B0E-BA65-48BF-B079-BE5FF9CD813F}.Release|Any CPU.ActiveCfg = Release|Any CPU
		{45CD9B0E-BA65-48BF-B079-BE5FF9CD813F}.Release|Any CPU.Build.0 = Release|Any CPU
	EndGlobalSection
	GlobalSection(SolutionProperties) = preSolution
		HideSolutionNode = FALSE
	EndGlobalSection
	GlobalSection(ExtensibilityGlobals) = postSolution
		SolutionGuid = {CFFF2CF8-E2EE-4EC9-9CC3-47242CD23512}
	EndGlobalSection
EndGlobal
